
Microsoft Visual Studio Solution File, Format Version 12.00
# Visual Studio Version 16
VisualStudioVersion = 16.0.31727.386
MinimumVisualStudioVersion = 10.0.40219.1
Project("{9A19103F-16F7-4668-BE54-9A1E7A4F7556}") = "MicroserviceStudent", "MicroserviceStudent\MicroserviceStudent.csproj", "{F377F2DF-AA25-4664-912E-559B6F081B3E}"
EndProject
Project("{9A19103F-16F7-4668-BE54-9A1E7A4F7556}") = "MicroserviceCourse", "MicroserviceCourse\MicroserviceCourse.csproj", "{FDECB6EF-8148-43D0-A3E1-12A4DD2639A8}"
EndProject
Project("{FAE04EC0-301F-11D3-BF4B-00C04F79EFBC}") = "MicroserviceСompositeSC", "MicroserviceСompositeSC\MicroserviceСompositeSC.csproj", "{76775CF9-59B0-4B7F-B8A8-8650D37298D7}"
EndProject
Global
	GlobalSection(SolutionConfigurationPlatforms) = preSolution
		Debug|Any CPU = Debug|Any CPU
		Release|Any CPU = Release|Any CPU
	EndGlobalSection
	GlobalSection(ProjectConfigurationPlatforms) = postSolution
		{F377F2DF-AA25-4664-912E-559B6F081B3E}.Debug|Any CPU.ActiveCfg = Debug|Any CPU
		{F377F2DF-AA25-4664-912E-559B6F081B3E}.Debug|Any CPU.Build.0 = Debug|Any CPU
		{F377F2DF-AA25-4664-912E-559B6F081B3E}.Release|Any CPU.ActiveCfg = Release|Any CPU
		{F377F2DF-AA25-4664-912E-559B6F081B3E}.Release|Any CPU.Build.0 = Release|Any CPU
		{FDECB6EF-8148-43D0-A3E1-12A4DD2639A8}.Debug|Any CPU.ActiveCfg = Debug|Any CPU
		{FDECB6EF-8148-43D0-A3E1-12A4DD2639A8}.Debug|Any CPU.Build.0 = Debug|Any CPU
		{FDECB6EF-8148-43D0-A3E1-12A4DD2639A8}.Release|Any CPU.ActiveCfg = Release|Any CPU
		{FDECB6EF-8148-43D0-A3E1-12A4DD2639A8}.Release|Any CPU.Build.0 = Release|Any CPU
		{76775CF9-59B0-4B7F-B8A8-8650D37298D7}.Debug|Any CPU.ActiveCfg = Debug|Any CPU
		{76775CF9-59B0-4B7F-B8A8-8650D37298D7}.Debug|Any CPU.Build.0 = Debug|Any CPU
		{76775CF9-59B0-4B7F-B8A8-8650D37298D7}.Release|Any CPU.ActiveCfg = Release|Any CPU
		{76775CF9-59B0-4B7F-B8A8-8650D37298D7}.Release|Any CPU.Build.0 = Release|Any CPU
	EndGlobalSection
	GlobalSection(SolutionProperties) = preSolution
		HideSolutionNode = FALSE
	EndGlobalSection
	GlobalSection(ExtensibilityGlobals) = postSolution
		SolutionGuid = {39C3DA29-F5B4-44C4-8037-2ADF7DDC959B}
	EndGlobalSection
EndGlobal
